
Microsoft Visual Studio Solution File, Format Version 12.00
# Visual Studio Version 16
VisualStudioVersion = 16.0.31729.503
MinimumVisualStudioVersion = 10.0.40219.1
Project("{2150E333-8FDC-42A3-9474-1A3956D46DE8}") = "Solution Items", "Solution Items", "{1C36568F-8B02-4E75-A221-BE7871E5C72A}"
	ProjectSection(SolutionItems) = preProject
		include\console.h = include\console.h
		include\thrower.h = include\thrower.h
	EndProjectSection
EndProject
Project("{8BC9CEB8-8B4A-11D0-8D11-00A0C91BC942}") = "day1", "day1\day1.vcxproj", "{11720A1B-E6AA-4582-A3E4-98E3ED0AC244}"
EndProject
Project("{8BC9CEB8-8B4A-11D0-8D11-00A0C91BC942}") = "day2", "day2\day2.vcxproj", "{1AE96AD4-BE61-411A-90C3-7D597781BD49}"
EndProject
Project("{8BC9CEB8-8B4A-11D0-8D11-00A0C91BC942}") = "day3", "day3\day3.vcxproj", "{CCF0D28E-47FD-42CF-9A81-51786ACC6A3B}"
EndProject
Project("{8BC9CEB8-8B4A-11D0-8D11-00A0C91BC942}") = "day4", "day4\day4.vcxproj", "{8ACE20CC-F2AD-4025-84BF-68B38D57D322}"
EndProject
Project("{8BC9CEB8-8B4A-11D0-8D11-00A0C91BC942}") = "day5", "day5\day5.vcxproj", "{5BC0B7D4-EC78-4700-8C08-7A85F23E77B5}"
EndProject
Project("{8BC9CEB8-8B4A-11D0-8D11-00A0C91BC942}") = "day6", "day6\day6.vcxproj", "{F30FB562-99D1-43CB-B7C3-4DB147889728}"
EndProject
Project("{8BC9CEB8-8B4A-11D0-8D11-00A0C91BC942}") = "day7", "day7\day7.vcxproj", "{D5650A93-34F1-4415-887C-D94E454BD98F}"
EndProject
Project("{8BC9CEB8-8B4A-11D0-8D11-00A0C91BC942}") = "day8", "day8\day8.vcxproj", "{B90A174F-DF59-4DB4-B859-59EA841CB31E}"
EndProject
Project("{8BC9CEB8-8B4A-11D0-8D11-00A0C91BC942}") = "day9", "day9\day9.vcxproj", "{79885EBD-1C83-4156-BED9-112781A976E5}"
EndProject
Project("{8BC9CEB8-8B4A-11D0-8D11-00A0C91BC942}") = "day10", "day10\day10.vcxproj", "{D8FC51DD-41E7-4EFB-8325-28ADFA5C5B3C}"
EndProject
Project("{8BC9CEB8-8B4A-11D0-8D11-00A0C91BC942}") = "day11", "day11\day11.vcxproj", "{7F140D7E-CB83-43C2-ACDA-48F994E395F1}"
EndProject
Project("{8BC9CEB8-8B4A-11D0-8D11-00A0C91BC942}") = "day12", "day12\day12.vcxproj", "{BADEBF4E-79A8-49BD-B1C9-8FD5C83F5F7D}"
EndProject
Global
	GlobalSection(SolutionConfigurationPlatforms) = preSolution
		Debug|ARM = Debug|ARM
		Debug|ARM64 = Debug|ARM64
		Debug|ARM64EC = Debug|ARM64EC
		Debug|x64 = Debug|x64
		Debug|x86 = Debug|x86
		Release|ARM = Release|ARM
		Release|ARM64 = Release|ARM64
		Release|ARM64EC = Release|ARM64EC
		Release|x64 = Release|x64
		Release|x86 = Release|x86
	EndGlobalSection
	GlobalSection(ProjectConfigurationPlatforms) = postSolution
		{11720A1B-E6AA-4582-A3E4-98E3ED0AC244}.Debug|ARM.ActiveCfg = Debug|ARM
		{11720A1B-E6AA-4582-A3E4-98E3ED0AC244}.Debug|ARM.Build.0 = Debug|ARM
		{11720A1B-E6AA-4582-A3E4-98E3ED0AC244}.Debug|ARM64.ActiveCfg = Debug|ARM64
		{11720A1B-E6AA-4582-A3E4-98E3ED0AC244}.Debug|ARM64.Build.0 = Debug|ARM64
		{11720A1B-E6AA-4582-A3E4-98E3ED0AC244}.Debug|ARM64EC.ActiveCfg = Debug|ARM64EC
		{11720A1B-E6AA-4582-A3E4-98E3ED0AC244}.Debug|ARM64EC.Build.0 = Debug|ARM64EC
		{11720A1B-E6AA-4582-A3E4-98E3ED0AC244}.Debug|x64.ActiveCfg = Debug|x64
		{11720A1B-E6AA-4582-A3E4-98E3ED0AC244}.Debug|x64.Build.0 = Debug|x64
		{11720A1B-E6AA-4582-A3E4-98E3ED0AC244}.Debug|x86.ActiveCfg = Debug|Win32
		{11720A1B-E6AA-4582-A3E4-98E3ED0AC244}.Debug|x86.Build.0 = Debug|Win32
		{11720A1B-E6AA-4582-A3E4-98E3ED0AC244}.Release|ARM.ActiveCfg = Release|ARM
		{11720A1B-E6AA-4582-A3E4-98E3ED0AC244}.Release|ARM.Build.0 = Release|ARM
		{11720A1B-E6AA-4582-A3E4-98E3ED0AC244}.Release|ARM64.ActiveCfg = Release|ARM64
		{11720A1B-E6AA-4582-A3E4-98E3ED0AC244}.Release|ARM64.Build.0 = Release|ARM64
		{11720A1B-E6AA-4582-A3E4-98E3ED0AC244}.Release|ARM64EC.ActiveCfg = Release|ARM64EC
		{11720A1B-E6AA-4582-A3E4-98E3ED0AC244}.Release|ARM64EC.Build.0 = Release|ARM64EC
		{11720A1B-E6AA-4582-A3E4-98E3ED0AC244}.Release|x64.ActiveCfg = Release|x64
		{11720A1B-E6AA-4582-A3E4-98E3ED0AC244}.Release|x64.Build.0 = Release|x64
		{11720A1B-E6AA-4582-A3E4-98E3ED0AC244}.Release|x86.ActiveCfg = Release|Win32
		{11720A1B-E6AA-4582-A3E4-98E3ED0AC244}.Release|x86.Build.0 = Release|Win32
		{1AE96AD4-BE61-411A-90C3-7D597781BD49}.Debug|ARM.ActiveCfg = Debug|ARM
		{1AE96AD4-BE61-411A-90C3-7D597781BD49}.Debug|ARM.Build.0 = Debug|ARM
		{1AE96AD4-BE61-411A-90C3-7D597781BD49}.Debug|ARM64.ActiveCfg = Debug|ARM64
		{1AE96AD4-BE61-411A-90C3-7D597781BD49}.Debug|ARM64.Build.0 = Debug|ARM64
		{1AE96AD4-BE61-411A-90C3-7D597781BD49}.Debug|ARM64EC.ActiveCfg = Debug|ARM64EC
		{1AE96AD4-BE61-411A-90C3-7D597781BD49}.Debug|ARM64EC.Build.0 = Debug|ARM64EC
		{1AE96AD4-BE61-411A-90C3-7D597781BD49}.Debug|x64.ActiveCfg = Debug|x64
		{1AE96AD4-BE61-411A-90C3-7D597781BD49}.Debug|x64.Build.0 = Debug|x64
		{1AE96AD4-BE61-411A-90C3-7D597781BD49}.Debug|x86.ActiveCfg = Debug|Win32
		{1AE96AD4-BE61-411A-90C3-7D597781BD49}.Debug|x86.Build.0 = Debug|Win32
		{1AE96AD4-BE61-411A-90C3-7D597781BD49}.Release|ARM.ActiveCfg = Release|ARM
		{1AE96AD4-BE61-411A-90C3-7D597781BD49}.Release|ARM.Build.0 = Release|ARM
		{1AE96AD4-BE61-411A-90C3-7D597781BD49}.Release|ARM64.ActiveCfg = Release|ARM64
		{1AE96AD4-BE61-411A-90C3-7D597781BD49}.Release|ARM64.Build.0 = Release|ARM64
		{1AE96AD4-BE61-411A-90C3-7D597781BD49}.Release|ARM64EC.ActiveCfg = Release|ARM64EC
		{1AE96AD4-BE61-411A-90C3-7D597781BD49}.Release|ARM64EC.Build.0 = Release|ARM64EC
		{1AE96AD4-BE61-411A-90C3-7D597781BD49}.Release|x64.ActiveCfg = Release|x64
		{1AE96AD4-BE61-411A-90C3-7D597781BD49}.Release|x64.Build.0 = Release|x64
		{1AE96AD4-BE61-411A-90C3-7D597781BD49}.Release|x86.ActiveCfg = Release|Win32
		{1AE96AD4-BE61-411A-90C3-7D597781BD49}.Release|x86.Build.0 = Release|Win32
		{CCF0D28E-47FD-42CF-9A81-51786ACC6A3B}.Debug|ARM.ActiveCfg = Debug|ARM
		{CCF0D28E-47FD-42CF-9A81-51786ACC6A3B}.Debug|ARM.Build.0 = Debug|ARM
		{CCF0D28E-47FD-42CF-9A81-51786ACC6A3B}.Debug|ARM64.ActiveCfg = Debug|ARM64
		{CCF0D28E-47FD-42CF-9A81-51786ACC6A3B}.Debug|ARM64.Build.0 = Debug|ARM64
		{CCF0D28E-47FD-42CF-9A81-51786ACC6A3B}.Debug|ARM64EC.ActiveCfg = Debug|ARM64EC
		{CCF0D28E-47FD-42CF-9A81-51786ACC6A3B}.Debug|ARM64EC.Build.0 = Debug|ARM64EC
		{CCF0D28E-47FD-42CF-9A81-51786ACC6A3B}.Debug|x64.ActiveCfg = Debug|x64
		{CCF0D28E-47FD-42CF-9A81-51786ACC6A3B}.Debug|x64.Build.0 = Debug|x64
		{CCF0D28E-47FD-42CF-9A81-51786ACC6A3B}.Debug|x86.ActiveCfg = Debug|Win32
		{CCF0D28E-47FD-42CF-9A81-51786ACC6A3B}.Debug|x86.Build.0 = Debug|Win32
		{CCF0D28E-47FD-42CF-9A81-51786ACC6A3B}.Release|ARM.ActiveCfg = Release|ARM
		{CCF0D28E-47FD-42CF-9A81-51786ACC6A3B}.Release|ARM.Build.0 = Release|ARM
		{CCF0D28E-47FD-42CF-9A81-51786ACC6A3B}.Release|ARM64.ActiveCfg = Release|ARM64
		{CCF0D28E-47FD-42CF-9A81-51786ACC6A3B}.Release|ARM64.Build.0 = Release|ARM64
		{CCF0D28E-47FD-42CF-9A81-51786ACC6A3B}.Release|ARM64EC.ActiveCfg = Release|ARM64EC
		{CCF0D28E-47FD-42CF-9A81-51786ACC6A3B}.Release|ARM64EC.Build.0 = Release|ARM64EC
		{CCF0D28E-47FD-42CF-9A81-51786ACC6A3B}.Release|x64.ActiveCfg = Release|x64
		{CCF0D28E-47FD-42CF-9A81-51786ACC6A3B}.Release|x64.Build.0 = Release|x64
		{CCF0D28E-47FD-42CF-9A81-51786ACC6A3B}.Release|x86.ActiveCfg = Release|Win32
		{CCF0D28E-47FD-42CF-9A81-51786ACC6A3B}.Release|x86.Build.0 = Release|Win32
		{8ACE20CC-F2AD-4025-84BF-68B38D57D322}.Debug|ARM.ActiveCfg = Debug|ARM
		{8ACE20CC-F2AD-4025-84BF-68B38D57D322}.Debug|ARM.Build.0 = Debug|ARM
		{8ACE20CC-F2AD-4025-84BF-68B38D57D322}.Debug|ARM64.ActiveCfg = Debug|ARM64
		{8ACE20CC-F2AD-4025-84BF-68B38D57D322}.Debug|ARM64.Build.0 = Debug|ARM64
		{8ACE20CC-F2AD-4025-84BF-68B38D57D322}.Debug|ARM64EC.ActiveCfg = Debug|ARM64EC
		{8ACE20CC-F2AD-4025-84BF-68B38D57D322}.Debug|ARM64EC.Build.0 = Debug|ARM64EC
		{8ACE20CC-F2AD-4025-84BF-68B38D57D322}.Debug|x64.ActiveCfg = Debug|x64
		{8ACE20CC-F2AD-4025-84BF-68B38D57D322}.Debug|x64.Build.0 = Debug|x64
		{8ACE20CC-F2AD-4025-84BF-68B38D57D322}.Debug|x86.ActiveCfg = Debug|Win32
		{8ACE20CC-F2AD-4025-84BF-68B38D57D322}.Debug|x86.Build.0 = Debug|Win32
		{8ACE20CC-F2AD-4025-84BF-68B38D57D322}.Release|ARM.ActiveCfg = Release|ARM
		{8ACE20CC-F2AD-4025-84BF-68B38D57D322}.Release|ARM.Build.0 = Release|ARM
		{8ACE20CC-F2AD-4025-84BF-68B38D57D322}.Release|ARM64.ActiveCfg = Release|ARM64
		{8ACE20CC-F2AD-4025-84BF-68B38D57D322}.Release|ARM64.Build.0 = Release|ARM64
		{8ACE20CC-F2AD-4025-84BF-68B38D57D322}.Release|ARM64EC.ActiveCfg = Release|ARM64EC
		{8ACE20CC-F2AD-4025-84BF-68B38D57D322}.Release|ARM64EC.Build.0 = Release|ARM64EC
		{8ACE20CC-F2AD-4025-84BF-68B38D57D322}.Release|x64.ActiveCfg = Release|x64
		{8ACE20CC-F2AD-4025-84BF-68B38D57D322}.Release|x64.Build.0 = Release|x64
		{8ACE20CC-F2AD-4025-84BF-68B38D57D322}.Release|x86.ActiveCfg = Release|Win32
		{8ACE20CC-F2AD-4025-84BF-68B38D57D322}.Release|x86.Build.0 = Release|Win32
		{5BC0B7D4-EC78-4700-8C08-7A85F23E77B5}.Debug|ARM.ActiveCfg = Debug|ARM
		{5BC0B7D4-EC78-4700-8C08-7A85F23E77B5}.Debug|ARM.Build.0 = Debug|ARM
		{5BC0B7D4-EC78-4700-8C08-7A85F23E77B5}.Debug|ARM64.ActiveCfg = Debug|ARM64
		{5BC0B7D4-EC78-4700-8C08-7A85F23E77B5}.Debug|ARM64.Build.0 = Debug|ARM64
		{5BC0B7D4-EC78-4700-8C08-7A85F23E77B5}.Debug|ARM64EC.ActiveCfg = Debug|ARM64EC
		{5BC0B7D4-EC78-4700-8C08-7A85F23E77B5}.Debug|ARM64EC.Build.0 = Debug|ARM64EC
		{5BC0B7D4-EC78-4700-8C08-7A85F23E77B5}.Debug|x64.ActiveCfg = Debug|x64
		{5BC0B7D4-EC78-4700-8C08-7A85F23E77B5}.Debug|x64.Build.0 = Debug|x64
		{5BC0B7D4-EC78-4700-8C08-7A85F23E77B5}.Debug|x86.ActiveCfg = Debug|Win32
		{5BC0B7D4-EC78-4700-8C08-7A85F23E77B5}.Debug|x86.Build.0 = Debug|Win32
		{5BC0B7D4-EC78-4700-8C08-7A85F23E77B5}.Release|ARM.ActiveCfg = Release|ARM
		{5BC0B7D4-EC78-4700-8C08-7A85F23E77B5}.Release|ARM.Build.0 = Release|ARM
		{5BC0B7D4-EC78-4700-8C08-7A85F23E77B5}.Release|ARM64.ActiveCfg = Release|ARM64
		{5BC0B7D4-EC78-4700-8C08-7A85F23E77B5}.Release|ARM64.Build.0 = Release|ARM64
		{5BC0B7D4-EC78-4700-8C08-7A85F23E77B5}.Release|ARM64EC.ActiveCfg = Release|ARM64EC
		{5BC0B7D4-EC78-4700-8C08-7A85F23E77B5}.Release|ARM64EC.Build.0 = Release|ARM64EC
		{5BC0B7D4-EC78-4700-8C08-7A85F23E77B5}.Release|x64.ActiveCfg = Release|x64
		{5BC0B7D4-EC78-4700-8C08-7A85F23E77B5}.Release|x64.Build.0 = Release|x64
		{5BC0B7D4-EC78-4700-8C08-7A85F23E77B5}.Release|x86.ActiveCfg = Release|Win32
		{5BC0B7D4-EC78-4700-8C08-7A85F23E77B5}.Release|x86.Build.0 = Release|Win32
		{F30FB562-99D1-43CB-B7C3-4DB147889728}.Debug|ARM.ActiveCfg = Debug|ARM
		{F30FB562-99D1-43CB-B7C3-4DB147889728}.Debug|ARM.Build.0 = Debug|ARM
		{F30FB562-99D1-43CB-B7C3-4DB147889728}.Debug|ARM64.ActiveCfg = Debug|ARM64
		{F30FB562-99D1-43CB-B7C3-4DB147889728}.Debug|ARM64.Build.0 = Debug|ARM64
		{F30FB562-99D1-43CB-B7C3-4DB147889728}.Debug|ARM64EC.ActiveCfg = Debug|ARM64EC
		{F30FB562-99D1-43CB-B7C3-4DB147889728}.Debug|ARM64EC.Build.0 = Debug|ARM64EC
		{F30FB562-99D1-43CB-B7C3-4DB147889728}.Debug|x64.ActiveCfg = Debug|x64
		{F30FB562-99D1-43CB-B7C3-4DB147889728}.Debug|x64.Build.0 = Debug|x64
		{F30FB562-99D1-43CB-B7C3-4DB147889728}.Debug|x86.ActiveCfg = Debug|Win32
		{F30FB562-99D1-43CB-B7C3-4DB147889728}.Debug|x86.Build.0 = Debug|Win32
		{F30FB562-99D1-43CB-B7C3-4DB147889728}.Release|ARM.ActiveCfg = Release|ARM
		{F30FB562-99D1-43CB-B7C3-4DB147889728}.Release|ARM.Build.0 = Release|ARM
		{F30FB562-99D1-43CB-B7C3-4DB147889728}.Release|ARM64.ActiveCfg = Release|ARM64
		{F30FB562-99D1-43CB-B7C3-4DB147889728}.Release|ARM64.Build.0 = Release|ARM64
		{F30FB562-99D1-43CB-B7C3-4DB147889728}.Release|ARM64EC.ActiveCfg = Release|ARM64EC
		{F30FB562-99D1-43CB-B7C3-4DB147889728}.Release|ARM64EC.Build.0 = Release|ARM64EC
		{F30FB562-99D1-43CB-B7C3-4DB147889728}.Release|x64.ActiveCfg = Release|x64
		{F30FB562-99D1-43CB-B7C3-4DB147889728}.Release|x64.Build.0 = Release|x64
		{F30FB562-99D1-43CB-B7C3-4DB147889728}.Release|x86.ActiveCfg = Release|Win32
		{F30FB562-99D1-43CB-B7C3-4DB147889728}.Release|x86.Build.0 = Release|Win32
		{D5650A93-34F1-4415-887C-D94E454BD98F}.Debug|ARM.ActiveCfg = Debug|ARM
		{D5650A93-34F1-4415-887C-D94E454BD98F}.Debug|ARM.Build.0 = Debug|ARM
		{D5650A93-34F1-4415-887C-D94E454BD98F}.Debug|ARM64.ActiveCfg = Debug|ARM64
		{D5650A93-34F1-4415-887C-D94E454BD98F}.Debug|ARM64.Build.0 = Debug|ARM64
		{D5650A93-34F1-4415-887C-D94E454BD98F}.Debug|ARM64EC.ActiveCfg = Debug|ARM64EC
		{D5650A93-34F1-4415-887C-D94E454BD98F}.Debug|ARM64EC.Build.0 = Debug|ARM64EC
		{D5650A93-34F1-4415-887C-D94E454BD98F}.Debug|x64.ActiveCfg = Debug|x64
		{D5650A93-34F1-4415-887C-D94E454BD98F}.Debug|x64.Build.0 = Debug|x64
		{D5650A93-34F1-4415-887C-D94E454BD98F}.Debug|x86.ActiveCfg = Debug|Win32
		{D5650A93-34F1-4415-887C-D94E454BD98F}.Debug|x86.Build.0 = Debug|Win32
		{D5650A93-34F1-4415-887C-D94E454BD98F}.Release|ARM.ActiveCfg = Release|ARM
		{D5650A93-34F1-4415-887C-D94E454BD98F}.Release|ARM.Build.0 = Release|ARM
		{D5650A93-34F1-4415-887C-D94E454BD98F}.Release|ARM64.ActiveCfg = Release|ARM64
		{D5650A93-34F1-4415-887C-D94E454BD98F}.Release|ARM64.Build.0 = Release|ARM64
		{D5650A93-34F1-4415-887C-D94E454BD98F}.Release|ARM64EC.ActiveCfg = Release|ARM64EC
		{D5650A93-34F1-4415-887C-D94E454BD98F}.Release|ARM64EC.Build.0 = Release|ARM64EC
		{D5650A93-34F1-4415-887C-D94E454BD98F}.Release|x64.ActiveCfg = Release|x64
		{D5650A93-34F1-4415-887C-D94E454BD98F}.Release|x64.Build.0 = Release|x64
		{D5650A93-34F1-4415-887C-D94E454BD98F}.Release|x86.ActiveCfg = Release|Win32
		{D5650A93-34F1-4415-887C-D94E454BD98F}.Release|x86.Build.0 = Release|Win32
		{B90A174F-DF59-4DB4-B859-59EA841CB31E}.Debug|ARM.ActiveCfg = Debug|ARM
		{B90A174F-DF59-4DB4-B859-59EA841CB31E}.Debug|ARM.Build.0 = Debug|ARM
		{B90A174F-DF59-4DB4-B859-59EA841CB31E}.Debug|ARM64.ActiveCfg = Debug|ARM64
		{B90A174F-DF59-4DB4-B859-59EA841CB31E}.Debug|ARM64.Build.0 = Debug|ARM64
		{B90A174F-DF59-4DB4-B859-59EA841CB31E}.Debug|ARM64EC.ActiveCfg = Debug|ARM64EC
		{B90A174F-DF59-4DB4-B859-59EA841CB31E}.Debug|ARM64EC.Build.0 = Debug|ARM64EC
		{B90A174F-DF59-4DB4-B859-59EA841CB31E}.Debug|x64.ActiveCfg = Debug|x64
		{B90A174F-DF59-4DB4-B859-59EA841CB31E}.Debug|x64.Build.0 = Debug|x64
		{B90A174F-DF59-4DB4-B859-59EA841CB31E}.Debug|x86.ActiveCfg = Debug|Win32
		{B90A174F-DF59-4DB4-B859-59EA841CB31E}.Debug|x86.Build.0 = Debug|Win32
		{B90A174F-DF59-4DB4-B859-59EA841CB31E}.Release|ARM.ActiveCfg = Release|ARM
		{B90A174F-DF59-4DB4-B859-59EA841CB31E}.Release|ARM.Build.0 = Release|ARM
		{B90A174F-DF59-4DB4-B859-59EA841CB31E}.Release|ARM64.ActiveCfg = Release|ARM64
		{B90A174F-DF59-4DB4-B859-59EA841CB31E}.Release|ARM64.Build.0 = Release|ARM64
		{B90A174F-DF59-4DB4-B859-59EA841CB31E}.Release|ARM64EC.ActiveCfg = Release|ARM64EC
		{B90A174F-DF59-4DB4-B859-59EA841CB31E}.Release|ARM64EC.Build.0 = Release|ARM64EC
		{B90A174F-DF59-4DB4-B859-59EA841CB31E}.Release|x64.ActiveCfg = Release|x64
		{B90A174F-DF59-4DB4-B859-59EA841CB31E}.Release|x64.Build.0 = Release|x64
		{B90A174F-DF59-4DB4-B859-59EA841CB31E}.Release|x86.ActiveCfg = Release|Win32
		{B90A174F-DF59-4DB4-B859-59EA841CB31E}.Release|x86.Build.0 = Release|Win32
		{79885EBD-1C83-4156-BED9-112781A976E5}.Debug|ARM.ActiveCfg = Debug|ARM
		{79885EBD-1C83-4156-BED9-112781A976E5}.Debug|ARM.Build.0 = Debug|ARM
		{79885EBD-1C83-4156-BED9-112781A976E5}.Debug|ARM64.ActiveCfg = Debug|ARM64
		{79885EBD-1C83-4156-BED9-112781A976E5}.Debug|ARM64.Build.0 = Debug|ARM64
		{79885EBD-1C83-4156-BED9-112781A976E5}.Debug|ARM64EC.ActiveCfg = Debug|ARM64EC
		{79885EBD-1C83-4156-BED9-112781A976E5}.Debug|ARM64EC.Build.0 = Debug|ARM64EC
		{79885EBD-1C83-4156-BED9-112781A976E5}.Debug|x64.ActiveCfg = Debug|x64
		{79885EBD-1C83-4156-BED9-112781A976E5}.Debug|x64.Build.0 = Debug|x64
		{79885EBD-1C83-4156-BED9-112781A976E5}.Debug|x86.ActiveCfg = Debug|Win32
		{79885EBD-1C83-4156-BED9-112781A976E5}.Debug|x86.Build.0 = Debug|Win32
		{79885EBD-1C83-4156-BED9-112781A976E5}.Release|ARM.ActiveCfg = Release|ARM
		{79885EBD-1C83-4156-BED9-112781A976E5}.Release|ARM.Build.0 = Release|ARM
		{79885EBD-1C83-4156-BED9-112781A976E5}.Release|ARM64.ActiveCfg = Release|ARM64
		{79885EBD-1C83-4156-BED9-112781A976E5}.Release|ARM64.Build.0 = Release|ARM64
		{79885EBD-1C83-4156-BED9-112781A976E5}.Release|ARM64EC.ActiveCfg = Release|ARM64EC
		{79885EBD-1C83-4156-BED9-112781A976E5}.Release|ARM64EC.Build.0 = Release|ARM64EC
		{79885EBD-1C83-4156-BED9-112781A976E5}.Release|x64.ActiveCfg = Release|x64
		{79885EBD-1C83-4156-BED9-112781A976E5}.Release|x64.Build.0 = Release|x64
		{79885EBD-1C83-4156-BED9-112781A976E5}.Release|x86.ActiveCfg = Release|Win32
		{79885EBD-1C83-4156-BED9-112781A976E5}.Release|x86.Build.0 = Release|Win32
		{D8FC51DD-41E7-4EFB-8325-28ADFA5C5B3C}.Debug|ARM.ActiveCfg = Debug|ARM
		{D8FC51DD-41E7-4EFB-8325-28ADFA5C5B3C}.Debug|ARM.Build.0 = Debug|ARM
		{D8FC51DD-41E7-4EFB-8325-28ADFA5C5B3C}.Debug|ARM64.ActiveCfg = Debug|ARM64
		{D8FC51DD-41E7-4EFB-8325-28ADFA5C5B3C}.Debug|ARM64.Build.0 = Debug|ARM64
		{D8FC51DD-41E7-4EFB-8325-28ADFA5C5B3C}.Debug|ARM64EC.ActiveCfg = Debug|ARM64EC
		{D8FC51DD-41E7-4EFB-8325-28ADFA5C5B3C}.Debug|ARM64EC.Build.0 = Debug|ARM64EC
		{D8FC51DD-41E7-4EFB-8325-28ADFA5C5B3C}.Debug|x64.ActiveCfg = Debug|x64
		{D8FC51DD-41E7-4EFB-8325-28ADFA5C5B3C}.Debug|x64.Build.0 = Debug|x64
		{D8FC51DD-41E7-4EFB-8325-28ADFA5C5B3C}.Debug|x86.ActiveCfg = Debug|Win32
		{D8FC51DD-41E7-4EFB-8325-28ADFA5C5B3C}.Debug|x86.Build.0 = Debug|Win32
		{D8FC51DD-41E7-4EFB-8325-28ADFA5C5B3C}.Release|ARM.ActiveCfg = Release|ARM
		{D8FC51DD-41E7-4EFB-8325-28ADFA5C5B3C}.Release|ARM.Build.0 = Release|ARM
		{D8FC51DD-41E7-4EFB-8325-28ADFA5C5B3C}.Release|ARM64.ActiveCfg = Release|ARM64
		{D8FC51DD-41E7-4EFB-8325-28ADFA5C5B3C}.Release|ARM64.Build.0 = Release|ARM64
		{D8FC51DD-41E7-4EFB-8325-28ADFA5C5B3C}.Release|ARM64EC.ActiveCfg = Release|ARM64EC
		{D8FC51DD-41E7-4EFB-8325-28ADFA5C5B3C}.Release|ARM64EC.Build.0 = Release|ARM64EC
		{D8FC51DD-41E7-4EFB-8325-28ADFA5C5B3C}.Release|x64.ActiveCfg = Release|x64
		{D8FC51DD-41E7-4EFB-8325-28ADFA5C5B3C}.Release|x64.Build.0 = Release|x64
		{D8FC51DD-41E7-4EFB-8325-28ADFA5C5B3C}.Release|x86.ActiveCfg = Release|Win32
		{D8FC51DD-41E7-4EFB-8325-28ADFA5C5B3C}.Release|x86.Build.0 = Release|Win32
		{7F140D7E-CB83-43C2-ACDA-48F994E395F1}.Debug|ARM.ActiveCfg = Debug|ARM
		{7F140D7E-CB83-43C2-ACDA-48F994E395F1}.Debug|ARM.Build.0 = Debug|ARM
		{7F140D7E-CB83-43C2-ACDA-48F994E395F1}.Debug|ARM64.ActiveCfg = Debug|ARM64
		{7F140D7E-CB83-43C2-ACDA-48F994E395F1}.Debug|ARM64.Build.0 = Debug|ARM64
		{7F140D7E-CB83-43C2-ACDA-48F994E395F1}.Debug|ARM64EC.ActiveCfg = Debug|ARM64EC
		{7F140D7E-CB83-43C2-ACDA-48F994E395F1}.Debug|ARM64EC.Build.0 = Debug|ARM64EC
		{7F140D7E-CB83-43C2-ACDA-48F994E395F1}.Debug|x64.ActiveCfg = Debug|x64
		{7F140D7E-CB83-43C2-ACDA-48F994E395F1}.Debug|x64.Build.0 = Debug|x64
		{7F140D7E-CB83-43C2-ACDA-48F994E395F1}.Debug|x86.ActiveCfg = Debug|Win32
		{7F140D7E-CB83-43C2-ACDA-48F994E395F1}.Debug|x86.Build.0 = Debug|Win32
		{7F140D7E-CB83-43C2-ACDA-48F994E395F1}.Release|ARM.ActiveCfg = Release|ARM
		{7F140D7E-CB83-43C2-ACDA-48F994E395F1}.Release|ARM.Build.0 = Release|ARM
		{7F140D7E-CB83-43C2-ACDA-48F994E395F1}.Release|ARM64.ActiveCfg = Release|ARM64
		{7F140D7E-CB83-43C2-ACDA-48F994E395F1}.Release|ARM64.Build.0 = Release|ARM64
		{7F140D7E-CB83-43C2-ACDA-48F994E395F1}.Release|ARM64EC.ActiveCfg = Release|ARM64EC
		{7F140D7E-CB83-43C2-ACDA-48F994E395F1}.Release|ARM64EC.Build.0 = Release|ARM64EC
		{7F140D7E-CB83-43C2-ACDA-48F994E395F1}.Release|x64.ActiveCfg = Release|x64
		{7F140D7E-CB83-43C2-ACDA-48F994E395F1}.Release|x64.Build.0 = Release|x64
		{7F140D7E-CB83-43C2-ACDA-48F994E395F1}.Release|x86.ActiveCfg = Release|Win32
		{7F140D7E-CB83-43C2-ACDA-48F994E395F1}.Release|x86.Build.0 = Release|Win32
		{BADEBF4E-79A8-49BD-B1C9-8FD5C83F5F7D}.Debug|ARM.ActiveCfg = Debug|ARM
		{BADEBF4E-79A8-49BD-B1C9-8FD5C83F5F7D}.Debug|ARM.Build.0 = Debug|ARM
		{BADEBF4E-79A8-49BD-B1C9-8FD5C83F5F7D}.Debug|ARM64.ActiveCfg = Debug|ARM64
		{BADEBF4E-79A8-49BD-B1C9-8FD5C83F5F7D}.Debug|ARM64.Build.0 = Debug|ARM64
		{BADEBF4E-79A8-49BD-B1C9-8FD5C83F5F7D}.Debug|ARM64EC.ActiveCfg = Debug|ARM64EC
		{BADEBF4E-79A8-49BD-B1C9-8FD5C83F5F7D}.Debug|ARM64EC.Build.0 = Debug|ARM64EC
		{BADEBF4E-79A8-49BD-B1C9-8FD5C83F5F7D}.Debug|x64.ActiveCfg = Debug|x64
		{BADEBF4E-79A8-49BD-B1C9-8FD5C83F5F7D}.Debug|x64.Build.0 = Debug|x64
		{BADEBF4E-79A8-49BD-B1C9-8FD5C83F5F7D}.Debug|x86.ActiveCfg = Debug|Win32
		{BADEBF4E-79A8-49BD-B1C9-8FD5C83F5F7D}.Debug|x86.Build.0 = Debug|Win32
		{BADEBF4E-79A8-49BD-B1C9-8FD5C83F5F7D}.Release|ARM.ActiveCfg = Release|ARM
		{BADEBF4E-79A8-49BD-B1C9-8FD5C83F5F7D}.Release|ARM.Build.0 = Release|ARM
		{BADEBF4E-79A8-49BD-B1C9-8FD5C83F5F7D}.Release|ARM64.ActiveCfg = Release|ARM64
		{BADEBF4E-79A8-49BD-B1C9-8FD5C83F5F7D}.Release|ARM64.Build.0 = Release|ARM64
		{BADEBF4E-79A8-49BD-B1C9-8FD5C83F5F7D}.Release|ARM64EC.ActiveCfg = Release|ARM64EC
		{BADEBF4E-79A8-49BD-B1C9-8FD5C83F5F7D}.Release|ARM64EC.Build.0 = Release|ARM64EC
		{BADEBF4E-79A8-49BD-B1C9-8FD5C83F5F7D}.Release|x64.ActiveCfg = Release|x64
		{BADEBF4E-79A8-49BD-B1C9-8FD5C83F5F7D}.Release|x64.Build.0 = Release|x64
		{BADEBF4E-79A8-49BD-B1C9-8FD5C83F5F7D}.Release|x86.ActiveCfg = Release|Win32
		{BADEBF4E-79A8-49BD-B1C9-8FD5C83F5F7D}.Release|x86.Build.0 = Release|Win32
	EndGlobalSection
	GlobalSection(SolutionProperties) = preSolution
		HideSolutionNode = FALSE
	EndGlobalSection
	GlobalSection(ExtensibilityGlobals) = postSolution
		SolutionGuid = {AD7701F8-E9F7-49C9-A291-833A41223A71}
	EndGlobalSection
EndGlobal
